// !$*UTF8*$!
{
	archiveVersion = 1;
	classes = {
	};
	objectVersion = 46;
	objects = {

/* Begin PBXBuildFile section */
		341FB7331572BEF100BD6B89 /* Foundation.framework in Frameworks */ = {isa = PBXBuildFile; fileRef = 341FB7321572BEF100BD6B89 /* Foundation.framework */; };
		349B43F7161E0A0700C5FD12 /* FMSAlertManager.m in Sources */ = {isa = PBXBuildFile; fileRef = 349B43F6161E0A0700C5FD12 /* FMSAlertManager.m */; };
		34E3EF2217715F8E00003E3E /* FMSAlertManager.h in CopyFiles */ = {isa = PBXBuildFile; fileRef = 349B43F8161E0A4100C5FD12 /* FMSAlertManager.h */; };
/* End PBXBuildFile section */

/* Begin PBXCopyFilesBuildPhase section */
		34E3EF2117715F7900003E3E /* CopyFiles */ = {
			isa = PBXCopyFilesBuildPhase;
			buildActionMask = 2147483647;
			dstPath = "include/${PRODUCT_NAME}";
			dstSubfolderSpec = 16;
			files = (
				34E3EF2217715F8E00003E3E /* FMSAlertManager.h in CopyFiles */,
			);
			runOnlyForDeploymentPostprocessing = 0;
		};
/* End PBXCopyFilesBuildPhase section */

/* Begin PBXFileReference section */
		341FB72F1572BEF100BD6B89 /* libFMSAlertManager.a */ = {isa = PBXFileReference; explicitFileType = archive.ar; includeInIndex = 0; path = libFMSAlertManager.a; sourceTree = BUILT_PRODUCTS_DIR; };
		341FB7321572BEF100BD6B89 /* Foundation.framework */ = {isa = PBXFileReference; lastKnownFileType = wrapper.framework; name = Foundation.framework; path = System/Library/Frameworks/Foundation.framework; sourceTree = SDKROOT; };
		341FB7361572BEF100BD6B89 /* FMSAlertManager-Prefix.pch */ = {isa = PBXFileReference; lastKnownFileType = sourcecode.c.h; name = "FMSAlertManager-Prefix.pch"; path = "FMSAlertManager/FMSAlertManager-Prefix.pch"; sourceTree = "<group>"; };
		347AE072161F5B8600194195 /* DoxygenDocs.docset */ = {isa = PBXFileReference; lastKnownFileType = wrapper; path = DoxygenDocs.docset; sourceTree = SOURCE_ROOT; };
		349B43F6161E0A0700C5FD12 /* FMSAlertManager.m */ = {isa = PBXFileReference; fileEncoding = 4; lastKnownFileType = sourcecode.c.objc; name = FMSAlertManager.m; path = FMSAlertManager/FMSAlertManager.m; sourceTree = SOURCE_ROOT; };
		349B43F8161E0A4100C5FD12 /* FMSAlertManager.h */ = {isa = PBXFileReference; fileEncoding = 4; lastKnownFileType = sourcecode.c.h; name = FMSAlertManager.h; path = FMSAlertManager/FMSAlertManager.h; sourceTree = SOURCE_ROOT; };
		34F21FBD161E23110045B31E /* doxygen.config */ = {isa = PBXFileReference; fileEncoding = 4; lastKnownFileType = text; path = doxygen.config; sourceTree = SOURCE_ROOT; };
/* End PBXFileReference section */

/* Begin PBXFrameworksBuildPhase section */
		341FB72C1572BEF100BD6B89 /* Frameworks */ = {
			isa = PBXFrameworksBuildPhase;
			buildActionMask = 2147483647;
			files = (
				341FB7331572BEF100BD6B89 /* Foundation.framework in Frameworks */,
			);
			runOnlyForDeploymentPostprocessing = 0;
		};
/* End PBXFrameworksBuildPhase section */

/* Begin PBXGroup section */
		341FB7241572BEF100BD6B89 = {
			isa = PBXGroup;
			children = (
				341FB7341572BEF100BD6B89 /* FMSAlertManager */,
				341FB7311572BEF100BD6B89 /* Frameworks */,
				341FB7301572BEF100BD6B89 /* Products */,
			);
			sourceTree = "<group>";
		};
		341FB7301572BEF100BD6B89 /* Products */ = {
			isa = PBXGroup;
			children = (
				341FB72F1572BEF100BD6B89 /* libFMSAlertManager.a */,
			);
			name = Products;
			sourceTree = "<group>";
		};
		341FB7311572BEF100BD6B89 /* Frameworks */ = {
			isa = PBXGroup;
			children = (
				341FB7321572BEF100BD6B89 /* Foundation.framework */,
			);
			name = Frameworks;
			sourceTree = "<group>";
		};
		341FB7341572BEF100BD6B89 /* FMSAlertManager */ = {
			isa = PBXGroup;
			children = (
				349B43F8161E0A4100C5FD12 /* FMSAlertManager.h */,
				349B43F6161E0A0700C5FD12 /* FMSAlertManager.m */,
				341FB7351572BEF100BD6B89 /* Supporting Files */,
			);
			name = FMSAlertManager;
			path = RWAlertManager;
			sourceTree = "<group>";
		};
		341FB7351572BEF100BD6B89 /* Supporting Files */ = {
			isa = PBXGroup;
			children = (
				34F21FBD161E23110045B31E /* doxygen.config */,
				347AE072161F5B8600194195 /* DoxygenDocs.docset */,
				341FB7361572BEF100BD6B89 /* FMSAlertManager-Prefix.pch */,
			);
			name = "Supporting Files";
			sourceTree = "<group>";
		};
/* End PBXGroup section */

/* Begin PBXNativeTarget section */
		341FB72E1572BEF100BD6B89 /* FMSAlertManager */ = {
			isa = PBXNativeTarget;
			buildConfigurationList = 341FB73C1572BEF100BD6B89 /* Build configuration list for PBXNativeTarget "FMSAlertManager" */;
			buildPhases = (
				341FB72B1572BEF100BD6B89 /* Sources */,
				341FB72C1572BEF100BD6B89 /* Frameworks */,
				34E3EF2117715F7900003E3E /* CopyFiles */,
			);
			buildRules = (
			);
			dependencies = (
			);
			name = FMSAlertManager;
			productName = RWAlertManager;
			productReference = 341FB72F1572BEF100BD6B89 /* libFMSAlertManager.a */;
			productType = "com.apple.product-type.library.static";
		};
/* End PBXNativeTarget section */

/* Begin PBXProject section */
		341FB7261572BEF100BD6B89 /* Project object */ = {
			isa = PBXProject;
			attributes = {
				LastUpgradeCheck = 0500;
				ORGANIZATIONNAME = "Freelance Mad Science Labs";
			};
			buildConfigurationList = 341FB7291572BEF100BD6B89 /* Build configuration list for PBXProject "FMSAlertManager" */;
			compatibilityVersion = "Xcode 3.2";
			developmentRegion = English;
			hasScannedForEncodings = 0;
			knownRegions = (
				en,
			);
			mainGroup = 341FB7241572BEF100BD6B89;
			productRefGroup = 341FB7301572BEF100BD6B89 /* Products */;
			projectDirPath = "";
			projectRoot = "";
			targets = (
				341FB72E1572BEF100BD6B89 /* FMSAlertManager */,
			);
		};
/* End PBXProject section */

/* Begin PBXSourcesBuildPhase section */
		341FB72B1572BEF100BD6B89 /* Sources */ = {
			isa = PBXSourcesBuildPhase;
			buildActionMask = 2147483647;
			files = (
				349B43F7161E0A0700C5FD12 /* FMSAlertManager.m in Sources */,
			);
			runOnlyForDeploymentPostprocessing = 0;
		};
/* End PBXSourcesBuildPhase section */

/* Begin XCBuildConfiguration section */
		341FB73A1572BEF100BD6B89 /* Debug */ = {
			isa = XCBuildConfiguration;
			buildSettings = {
				ALWAYS_SEARCH_USER_PATHS = NO;
				CLANG_ANALYZER_SECURITY_FLOATLOOPCOUNTER = YES;
				CLANG_ANALYZER_SECURITY_INSECUREAPI_RAND = YES;
				CLANG_ANALYZER_SECURITY_INSECUREAPI_STRCPY = YES;
				CLANG_ENABLE_OBJC_ARC = YES;
				CLANG_STATIC_ANALYZER_MODE = deep;
				CLANG_WARN_BOOL_CONVERSION = YES;
				CLANG_WARN_CONSTANT_CONVERSION = YES;
				CLANG_WARN_DEPRECATED_OBJC_IMPLEMENTATIONS = YES;
				CLANG_WARN_DOCUMENTATION_COMMENTS = YES;
				CLANG_WARN_EMPTY_BODY = YES;
				CLANG_WARN_ENUM_CONVERSION = YES;
				CLANG_WARN_IMPLICIT_SIGN_CONVERSION = YES;
				CLANG_WARN_INT_CONVERSION = YES;
				CLANG_WARN_OBJC_EXPLICIT_OWNERSHIP_TYPE = YES;
				CLANG_WARN_OBJC_IMPLICIT_ATOMIC_PROPERTIES = YES;
				CLANG_WARN_OBJC_IMPLICIT_RETAIN_SELF = YES;
				CLANG_WARN_SUSPICIOUS_IMPLICIT_CONVERSION = YES;
				CLANG_WARN__DUPLICATE_METHOD_MATCH = YES;
				COPY_PHASE_STRIP = NO;
				GCC_C_LANGUAGE_STANDARD = gnu99;
				GCC_DYNAMIC_NO_PIC = NO;
				GCC_OPTIMIZATION_LEVEL = 0;
				GCC_PREPROCESSOR_DEFINITIONS = (
					"DEBUG=1",
					"$(inherited)",
				);
				GCC_SYMBOLS_PRIVATE_EXTERN = NO;
				GCC_TREAT_IMPLICIT_FUNCTION_DECLARATIONS_AS_ERRORS = YES;
				GCC_TREAT_INCOMPATIBLE_POINTER_TYPE_WARNINGS_AS_ERRORS = YES;
				GCC_TREAT_WARNINGS_AS_ERRORS = YES;
				GCC_VERSION = com.apple.compilers.llvm.clang.1_0;
				GCC_WARN_64_TO_32_BIT_CONVERSION = YES;
				GCC_WARN_ABOUT_MISSING_FIELD_INITIALIZERS = YES;
				GCC_WARN_ABOUT_MISSING_NEWLINE = YES;
				GCC_WARN_ABOUT_MISSING_PROTOTYPES = YES;
				GCC_WARN_ABOUT_RETURN_TYPE = YES;
				GCC_WARN_FOUR_CHARACTER_CONSTANTS = YES;
				GCC_WARN_INITIALIZER_NOT_FULLY_BRACKETED = YES;
				GCC_WARN_SHADOW = YES;
				GCC_WARN_SIGN_COMPARE = YES;
				GCC_WARN_STRICT_SELECTOR_MATCH = YES;
				GCC_WARN_UNDECLARED_SELECTOR = YES;
				GCC_WARN_UNINITIALIZED_AUTOS = YES;
				GCC_WARN_UNKNOWN_PRAGMAS = YES;
				GCC_WARN_UNUSED_FUNCTION = YES;
				GCC_WARN_UNUSED_LABEL = YES;
				GCC_WARN_UNUSED_PARAMETER = NO;
				GCC_WARN_UNUSED_VARIABLE = YES;
				IPHONEOS_DEPLOYMENT_TARGET = 7.0;
				ONLY_ACTIVE_ARCH = YES;
				RUN_CLANG_STATIC_ANALYZER = YES;
				SDKROOT = iphoneos;
			};
			name = Debug;
		};
		341FB73B1572BEF100BD6B89 /* Release */ = {
			isa = XCBuildConfiguration;
			buildSettings = {
				ALWAYS_SEARCH_USER_PATHS = NO;
				CLANG_ANALYZER_SECURITY_FLOATLOOPCOUNTER = YES;
				CLANG_ANALYZER_SECURITY_INSECUREAPI_RAND = YES;
				CLANG_ANALYZER_SECURITY_INSECUREAPI_STRCPY = YES;
				CLANG_ENABLE_OBJC_ARC = YES;
				CLANG_STATIC_ANALYZER_MODE = deep;
				CLANG_WARN_BOOL_CONVERSION = YES;
				CLANG_WARN_CONSTANT_CONVERSION = YES;
				CLANG_WARN_DEPRECATED_OBJC_IMPLEMENTATIONS = YES;
				CLANG_WARN_DOCUMENTATION_COMMENTS = YES;
				CLANG_WARN_EMPTY_BODY = YES;
				CLANG_WARN_ENUM_CONVERSION = YES;
				CLANG_WARN_IMPLICIT_SIGN_CONVERSION = YES;
				CLANG_WARN_INT_CONVERSION = YES;
				CLANG_WARN_OBJC_EXPLICIT_OWNERSHIP_TYPE = YES;
				CLANG_WARN_OBJC_IMPLICIT_ATOMIC_PROPERTIES = YES;
				CLANG_WARN_OBJC_IMPLICIT_RETAIN_SELF = YES;
				CLANG_WARN_SUSPICIOUS_IMPLICIT_CONVERSION = YES;
				CLANG_WARN__DUPLICATE_METHOD_MATCH = YES;
				COPY_PHASE_STRIP = YES;
				GCC_C_LANGUAGE_STANDARD = gnu99;
				GCC_TREAT_IMPLICIT_FUNCTION_DECLARATIONS_AS_ERRORS = YES;
				GCC_TREAT_INCOMPATIBLE_POINTER_TYPE_WARNINGS_AS_ERRORS = YES;
				GCC_TREAT_WARNINGS_AS_ERRORS = YES;
				GCC_VERSION = com.apple.compilers.llvm.clang.1_0;
				GCC_WARN_64_TO_32_BIT_CONVERSION = YES;
				GCC_WARN_ABOUT_MISSING_FIELD_INITIALIZERS = YES;
				GCC_WARN_ABOUT_MISSING_NEWLINE = YES;
				GCC_WARN_ABOUT_MISSING_PROTOTYPES = YES;
				GCC_WARN_ABOUT_RETURN_TYPE = YES;
				GCC_WARN_FOUR_CHARACTER_CONSTANTS = YES;
				GCC_WARN_INITIALIZER_NOT_FULLY_BRACKETED = YES;
				GCC_WARN_SHADOW = YES;
				GCC_WARN_SIGN_COMPARE = YES;
				GCC_WARN_STRICT_SELECTOR_MATCH = YES;
				GCC_WARN_UNDECLARED_SELECTOR = YES;
				GCC_WARN_UNINITIALIZED_AUTOS = YES;
				GCC_WARN_UNKNOWN_PRAGMAS = YES;
				GCC_WARN_UNUSED_FUNCTION = YES;
				GCC_WARN_UNUSED_LABEL = YES;
				GCC_WARN_UNUSED_PARAMETER = NO;
				GCC_WARN_UNUSED_VARIABLE = YES;
				IPHONEOS_DEPLOYMENT_TARGET = 7.0;
				RUN_CLANG_STATIC_ANALYZER = YES;
				SDKROOT = iphoneos;
				VALIDATE_PRODUCT = YES;
			};
			name = Release;
		};
		341FB73D1572BEF100BD6B89 /* Debug */ = {
			isa = XCBuildConfiguration;
			buildSettings = {
				DOXYGEN_PATH = /usr/local/bin/doxygen;
				DSTROOT = /tmp/FMSAlertManager.dst;
				GCC_PRECOMPILE_PREFIX_HEADER = YES;
				GCC_PREFIX_HEADER = "FMSAlertManager/FMSAlertManager-Prefix.pch";
				GCC_WARN_UNUSED_PARAMETER = YES;
				OTHER_LDFLAGS = "-ObjC";
				PRODUCT_NAME = FMSAlertManager;
				PUBLIC_HEADERS_FOLDER_PATH = "include/$(TARGET_NAME)";
				RUN_CLANG_STATIC_ANALYZER = YES;
				SKIP_INSTALL = YES;
			};
			name = Debug;
		};
		341FB73E1572BEF100BD6B89 /* Release */ = {
			isa = XCBuildConfiguration;
			buildSettings = {
				DOXYGEN_PATH = /usr/local/bin/doxygen;
				DSTROOT = /tmp/FMSAlertManager.dst;
				GCC_PRECOMPILE_PREFIX_HEADER = YES;
				GCC_PREFIX_HEADER = "FMSAlertManager/FMSAlertManager-Prefix.pch";
				GCC_WARN_UNUSED_PARAMETER = YES;
				OTHER_LDFLAGS = "-ObjC";
				PRODUCT_NAME = FMSAlertManager;
				PUBLIC_HEADERS_FOLDER_PATH = "include/$(TARGET_NAME)";
				RUN_CLANG_STATIC_ANALYZER = YES;
				SKIP_INSTALL = YES;
			};
			name = Release;
		};
		3448EAEA15B507E100A34615 /* AdHoc */ = {
			isa = XCBuildConfiguration;
			buildSettings = {
				ALWAYS_SEARCH_USER_PATHS = NO;
				CLANG_ANALYZER_SECURITY_FLOATLOOPCOUNTER = YES;
				CLANG_ANALYZER_SECURITY_INSECUREAPI_RAND = YES;
				CLANG_ANALYZER_SECURITY_INSECUREAPI_STRCPY = YES;
				CLANG_ENABLE_OBJC_ARC = YES;
				CLANG_STATIC_ANALYZER_MODE = deep;
				CLANG_WARN_BOOL_CONVERSION = YES;
				CLANG_WARN_CONSTANT_CONVERSION = YES;
				CLANG_WARN_DEPRECATED_OBJC_IMPLEMENTATIONS = YES;
				CLANG_WARN_DOCUMENTATION_COMMENTS = YES;
				CLANG_WARN_EMPTY_BODY = YES;
				CLANG_WARN_ENUM_CONVERSION = YES;
				CLANG_WARN_IMPLICIT_SIGN_CONVERSION = YES;
				CLANG_WARN_INT_CONVERSION = YES;
				CLANG_WARN_OBJC_EXPLICIT_OWNERSHIP_TYPE = YES;
				CLANG_WARN_OBJC_IMPLICIT_ATOMIC_PROPERTIES = YES;
				CLANG_WARN_OBJC_IMPLICIT_RETAIN_SELF = YES;
				CLANG_WARN_SUSPICIOUS_IMPLICIT_CONVERSION = YES;
				CLANG_WARN__DUPLICATE_METHOD_MATCH = YES;
				COPY_PHASE_STRIP = YES;
				GCC_C_LANGUAGE_STANDARD = gnu99;
				GCC_TREAT_IMPLICIT_FUNCTION_DECLARATIONS_AS_ERRORS = YES;
				GCC_TREAT_INCOMPATIBLE_POINTER_TYPE_WARNINGS_AS_ERRORS = YES;
				GCC_TREAT_WARNINGS_AS_ERRORS = YES;
				GCC_VERSION = com.apple.compilers.llvm.clang.1_0;
				GCC_WARN_64_TO_32_BIT_CONVERSION = YES;
				GCC_WARN_ABOUT_MISSING_FIELD_INITIALIZERS = YES;
				GCC_WARN_ABOUT_MISSING_NEWLINE = YES;
				GCC_WARN_ABOUT_MISSING_PROTOTYPES = YES;
				GCC_WARN_ABOUT_RETURN_TYPE = YES;
				GCC_WARN_FOUR_CHARACTER_CONSTANTS = YES;
				GCC_WARN_INITIALIZER_NOT_FULLY_BRACKETED = YES;
				GCC_WARN_SHADOW = YES;
				GCC_WARN_SIGN_COMPARE = YES;
				GCC_WARN_STRICT_SELECTOR_MATCH = YES;
				GCC_WARN_UNDECLARED_SELECTOR = YES;
				GCC_WARN_UNINITIALIZED_AUTOS = YES;
				GCC_WARN_UNKNOWN_PRAGMAS = YES;
				GCC_WARN_UNUSED_FUNCTION = YES;
				GCC_WARN_UNUSED_LABEL = YES;
				GCC_WARN_UNUSED_PARAMETER = NO;
				GCC_WARN_UNUSED_VARIABLE = YES;
				IPHONEOS_DEPLOYMENT_TARGET = 7.0;
				RUN_CLANG_STATIC_ANALYZER = YES;
				SDKROOT = iphoneos;
				VALIDATE_PRODUCT = YES;
			};
			name = AdHoc;
		};
		3448EAEB15B507E100A34615 /* AdHoc */ = {
			isa = XCBuildConfiguration;
			buildSettings = {
				DOXYGEN_PATH = /usr/local/bin/doxygen;
				DSTROOT = /tmp/FMSAlertManager.dst;
				GCC_PRECOMPILE_PREFIX_HEADER = YES;
				GCC_PREFIX_HEADER = "FMSAlertManager/FMSAlertManager-Prefix.pch";
				GCC_WARN_UNUSED_PARAMETER = YES;
				OTHER_LDFLAGS = "-ObjC";
				PRODUCT_NAME = FMSAlertManager;
				PUBLIC_HEADERS_FOLDER_PATH = "include/$(TARGET_NAME)";
				RUN_CLANG_STATIC_ANALYZER = YES;
				SKIP_INSTALL = YES;
			};
			name = AdHoc;
		};
/* End XCBuildConfiguration section */

/* Begin XCConfigurationList section */
		341FB7291572BEF100BD6B89 /* Build configuration list for PBXProject "FMSAlertManager" */ = {
			isa = XCConfigurationList;
			buildConfigurations = (
				341FB73A1572BEF100BD6B89 /* Debug */,
				341FB73B1572BEF100BD6B89 /* Release */,
				3448EAEA15B507E100A34615 /* AdHoc */,
			);
			defaultConfigurationIsVisible = 0;
			defaultConfigurationName = Release;
		};
		341FB73C1572BEF100BD6B89 /* Build configuration list for PBXNativeTarget "FMSAlertManager" */ = {
			isa = XCConfigurationList;
			buildConfigurations = (
				341FB73D1572BEF100BD6B89 /* Debug */,
				341FB73E1572BEF100BD6B89 /* Release */,
				3448EAEB15B507E100A34615 /* AdHoc */,
			);
			defaultConfigurationIsVisible = 0;
			defaultConfigurationName = Release;
		};
/* End XCConfigurationList section */
	};
	rootObject = 341FB7261572BEF100BD6B89 /* Project object */;
}
